
Microsoft Visual Studio Solution File, Format Version 12.00
# Visual Studio Version 16
VisualStudioVersion = 16.0.30523.141
MinimumVisualStudioVersion = 10.0.40219.1
Project("{FAE04EC0-301F-11D3-BF4B-00C04F79EFBC}") = "Domain", "Domain\Domain.csproj", "{32A911F5-5371-4342-8FFC-3D01FE41E86E}"
EndProject
Project("{2150E333-8FDC-42A3-9474-1A3956D46DE8}") = "Tests", "Tests", "{253F7511-3951-497D-88CA-5EB6CA539D2C}"
EndProject
Project("{FAE04EC0-301F-11D3-BF4B-00C04F79EFBC}") = "Domain.Tests", "Domain.Tests\Domain.Tests.csproj", "{117CB294-9C50-42E2-A999-E1CD5349E783}"
EndProject
Project("{FAE04EC0-301F-11D3-BF4B-00C04F79EFBC}") = "DataAccess", "DataAccess\DataAccess.csproj", "{1DBAA503-EAD5-4FE7-B4EE-BC73D9D00173}"
EndProject
Global
	GlobalSection(SolutionConfigurationPlatforms) = preSolution
		Debug|Any CPU = Debug|Any CPU
		Release|Any CPU = Release|Any CPU
	EndGlobalSection
	GlobalSection(ProjectConfigurationPlatforms) = postSolution
		{32A911F5-5371-4342-8FFC-3D01FE41E86E}.Debug|Any CPU.ActiveCfg = Debug|Any CPU
		{32A911F5-5371-4342-8FFC-3D01FE41E86E}.Debug|Any CPU.Build.0 = Debug|Any CPU
		{32A911F5-5371-4342-8FFC-3D01FE41E86E}.Release|Any CPU.ActiveCfg = Release|Any CPU
		{32A911F5-5371-4342-8FFC-3D01FE41E86E}.Release|Any CPU.Build.0 = Release|Any CPU
		{117CB294-9C50-42E2-A999-E1CD5349E783}.Debug|Any CPU.ActiveCfg = Debug|Any CPU
		{117CB294-9C50-42E2-A999-E1CD5349E783}.Debug|Any CPU.Build.0 = Debug|Any CPU
		{117CB294-9C50-42E2-A999-E1CD5349E783}.Release|Any CPU.ActiveCfg = Release|Any CPU
		{117CB294-9C50-42E2-A999-E1CD5349E783}.Release|Any CPU.Build.0 = Release|Any CPU
		{1DBAA503-EAD5-4FE7-B4EE-BC73D9D00173}.Debug|Any CPU.ActiveCfg = Debug|Any CPU
		{1DBAA503-EAD5-4FE7-B4EE-BC73D9D00173}.Debug|Any CPU.Build.0 = Debug|Any CPU
		{1DBAA503-EAD5-4FE7-B4EE-BC73D9D00173}.Release|Any CPU.ActiveCfg = Release|Any CPU
		{1DBAA503-EAD5-4FE7-B4EE-BC73D9D00173}.Release|Any CPU.Build.0 = Release|Any CPU
	EndGlobalSection
	GlobalSection(SolutionProperties) = preSolution
		HideSolutionNode = FALSE
	EndGlobalSection
	GlobalSection(NestedProjects) = preSolution
		{117CB294-9C50-42E2-A999-E1CD5349E783} = {253F7511-3951-497D-88CA-5EB6CA539D2C}
	EndGlobalSection
	GlobalSection(ExtensibilityGlobals) = postSolution
		SolutionGuid = {38938F27-2E43-48F2-B6F1-95058ED9A306}
	EndGlobalSection
EndGlobal
