
Microsoft Visual Studio Solution File, Format Version 12.00
# Visual Studio Version 16
VisualStudioVersion = 16.0.30523.141
MinimumVisualStudioVersion = 10.0.40219.1
Project("{9A19103F-16F7-4668-BE54-9A1E7A4F7556}") = "Domain", "Domain\Domain.csproj", "{32A911F5-5371-4342-8FFC-3D01FE41E86E}"
EndProject
Project("{2150E333-8FDC-42A3-9474-1A3956D46DE8}") = "Tests", "Tests", "{253F7511-3951-497D-88CA-5EB6CA539D2C}"
EndProject
Project("{9A19103F-16F7-4668-BE54-9A1E7A4F7556}") = "DataAccess", "DataAccess\DataAccess.csproj", "{1DBAA503-EAD5-4FE7-B4EE-BC73D9D00173}"
EndProject
Project("{FAE04EC0-301F-11D3-BF4B-00C04F79EFBC}") = "Domain.Models", "Domain.Models\Domain.Models.csproj", "{96F8EF3D-4EDB-4C6F-9056-C0E19E075073}"
EndProject
Project("{FAE04EC0-301F-11D3-BF4B-00C04F79EFBC}") = "Common", "Common\Common.csproj", "{F264487E-3717-4038-8FC4-4018EC540A9D}"
EndProject
Project("{FAE04EC0-301F-11D3-BF4B-00C04F79EFBC}") = "Console", "Console\Console.csproj", "{F5ABEEA6-C134-427E-BA0C-DD2664863FCD}"
EndProject
Project("{FAE04EC0-301F-11D3-BF4B-00C04F79EFBC}") = "DataAccess.Clients.UnitTests", "DataAccess.Clients.UnitTests\DataAccess.Clients.UnitTests.csproj", "{FEF8C625-AB3A-4607-B0FB-E6FFB9B4E8DA}"
EndProject
Project("{9A19103F-16F7-4668-BE54-9A1E7A4F7556}") = "DataAccess.Clients", "DataAccess.Clients\DataAccess.Clients.csproj", "{364DA317-D94F-4615-8F2F-59DAEC6DFBAC}"
EndProject
Global
	GlobalSection(SolutionConfigurationPlatforms) = preSolution
		Debug|Any CPU = Debug|Any CPU
		Release|Any CPU = Release|Any CPU
	EndGlobalSection
	GlobalSection(ProjectConfigurationPlatforms) = postSolution
		{32A911F5-5371-4342-8FFC-3D01FE41E86E}.Debug|Any CPU.ActiveCfg = Debug|Any CPU
		{32A911F5-5371-4342-8FFC-3D01FE41E86E}.Debug|Any CPU.Build.0 = Debug|Any CPU
		{32A911F5-5371-4342-8FFC-3D01FE41E86E}.Release|Any CPU.ActiveCfg = Release|Any CPU
		{32A911F5-5371-4342-8FFC-3D01FE41E86E}.Release|Any CPU.Build.0 = Release|Any CPU
		{1DBAA503-EAD5-4FE7-B4EE-BC73D9D00173}.Debug|Any CPU.ActiveCfg = Debug|Any CPU
		{1DBAA503-EAD5-4FE7-B4EE-BC73D9D00173}.Debug|Any CPU.Build.0 = Debug|Any CPU
		{1DBAA503-EAD5-4FE7-B4EE-BC73D9D00173}.Release|Any CPU.ActiveCfg = Release|Any CPU
		{1DBAA503-EAD5-4FE7-B4EE-BC73D9D00173}.Release|Any CPU.Build.0 = Release|Any CPU
		{96F8EF3D-4EDB-4C6F-9056-C0E19E075073}.Debug|Any CPU.ActiveCfg = Debug|Any CPU
		{96F8EF3D-4EDB-4C6F-9056-C0E19E075073}.Debug|Any CPU.Build.0 = Debug|Any CPU
		{96F8EF3D-4EDB-4C6F-9056-C0E19E075073}.Release|Any CPU.ActiveCfg = Release|Any CPU
		{96F8EF3D-4EDB-4C6F-9056-C0E19E075073}.Release|Any CPU.Build.0 = Release|Any CPU
		{F264487E-3717-4038-8FC4-4018EC540A9D}.Debug|Any CPU.ActiveCfg = Debug|Any CPU
		{F264487E-3717-4038-8FC4-4018EC540A9D}.Debug|Any CPU.Build.0 = Debug|Any CPU
		{F264487E-3717-4038-8FC4-4018EC540A9D}.Release|Any CPU.ActiveCfg = Release|Any CPU
		{F264487E-3717-4038-8FC4-4018EC540A9D}.Release|Any CPU.Build.0 = Release|Any CPU
		{F5ABEEA6-C134-427E-BA0C-DD2664863FCD}.Debug|Any CPU.ActiveCfg = Debug|Any CPU
		{F5ABEEA6-C134-427E-BA0C-DD2664863FCD}.Debug|Any CPU.Build.0 = Debug|Any CPU
		{F5ABEEA6-C134-427E-BA0C-DD2664863FCD}.Release|Any CPU.ActiveCfg = Release|Any CPU
		{F5ABEEA6-C134-427E-BA0C-DD2664863FCD}.Release|Any CPU.Build.0 = Release|Any CPU
		{FEF8C625-AB3A-4607-B0FB-E6FFB9B4E8DA}.Debug|Any CPU.ActiveCfg = Debug|Any CPU
		{FEF8C625-AB3A-4607-B0FB-E6FFB9B4E8DA}.Debug|Any CPU.Build.0 = Debug|Any CPU
		{FEF8C625-AB3A-4607-B0FB-E6FFB9B4E8DA}.Release|Any CPU.ActiveCfg = Release|Any CPU
		{FEF8C625-AB3A-4607-B0FB-E6FFB9B4E8DA}.Release|Any CPU.Build.0 = Release|Any CPU
		{364DA317-D94F-4615-8F2F-59DAEC6DFBAC}.Debug|Any CPU.ActiveCfg = Debug|Any CPU
		{364DA317-D94F-4615-8F2F-59DAEC6DFBAC}.Debug|Any CPU.Build.0 = Debug|Any CPU
		{364DA317-D94F-4615-8F2F-59DAEC6DFBAC}.Release|Any CPU.ActiveCfg = Release|Any CPU
		{364DA317-D94F-4615-8F2F-59DAEC6DFBAC}.Release|Any CPU.Build.0 = Release|Any CPU
	EndGlobalSection
	GlobalSection(SolutionProperties) = preSolution
		HideSolutionNode = FALSE
	EndGlobalSection
	GlobalSection(NestedProjects) = preSolution
		{F5ABEEA6-C134-427E-BA0C-DD2664863FCD} = {253F7511-3951-497D-88CA-5EB6CA539D2C}
		{FEF8C625-AB3A-4607-B0FB-E6FFB9B4E8DA} = {253F7511-3951-497D-88CA-5EB6CA539D2C}
	EndGlobalSection
	GlobalSection(ExtensibilityGlobals) = postSolution
		SolutionGuid = {38938F27-2E43-48F2-B6F1-95058ED9A306}
	EndGlobalSection
EndGlobal
